
Microsoft Visual Studio Solution File, Format Version 11.00
# Visual Studio 2010
Project("{FAE04EC0-301F-11D3-BF4B-00C04F79EFBC}") = "WebApplication", "WebSharperSolution1\WebApplication\WebApplication.csproj", "{EEABED33-0D12-4DC2-90BC-EABBC54C73F3}"
EndProject
Project("{F2A71F9B-5D33-465A-A702-920D77279786}") = "WebSharperProject", "WebSharperSolution1\WebSharperProject\WebSharperProject.fsproj", "{BF7522A9-5836-439D-BF40-A23732A2B677}"
EndProject
Global
	GlobalSection(SolutionConfigurationPlatforms) = preSolution
		Debug|Any CPU = Debug|Any CPU
		Release|Any CPU = Release|Any CPU
	EndGlobalSection
	GlobalSection(ProjectConfigurationPlatforms) = postSolution
		{EEABED33-0D12-4DC2-90BC-EABBC54C73F3}.Debug|Any CPU.ActiveCfg = Debug|Any CPU
		{EEABED33-0D12-4DC2-90BC-EABBC54C73F3}.Debug|Any CPU.Build.0 = Debug|Any CPU
		{EEABED33-0D12-4DC2-90BC-EABBC54C73F3}.Release|Any CPU.ActiveCfg = Release|Any CPU
		{EEABED33-0D12-4DC2-90BC-EABBC54C73F3}.Release|Any CPU.Build.0 = Release|Any CPU
		{BF7522A9-5836-439D-BF40-A23732A2B677}.Debug|Any CPU.ActiveCfg = Debug|Any CPU
		{BF7522A9-5836-439D-BF40-A23732A2B677}.Debug|Any CPU.Build.0 = Debug|Any CPU
		{BF7522A9-5836-439D-BF40-A23732A2B677}.Release|Any CPU.ActiveCfg = Release|Any CPU
		{BF7522A9-5836-439D-BF40-A23732A2B677}.Release|Any CPU.Build.0 = Release|Any CPU
	EndGlobalSection
	GlobalSection(SolutionProperties) = preSolution
		HideSolutionNode = FALSE
	EndGlobalSection
EndGlobal
